lockfileVersion: '9.0'

settings:
  autoInstallPeers: true
  excludeLinksFromLockfile: false

importers:

  .:
    dependencies:
      prettier:
        specifier: ^3.4.2
        version: 3.4.2
      typescript:
        specifier: ^5.4.4
        version: 5.7.2
      vitest:
        specifier: ^2.1.1
        version: 2.1.6

packages:

  '@esbuild/aix-ppc64@0.24.0':
    resolution: {integrity: sha1-tXaXlFtQ6ZAHtMJSFQfcYT1KZIw=}
    engines: {node: '>=18'}
    cpu: [ppc64]
    os: [aix]

  '@esbuild/android-arm64@0.24.0':
    resolution: {integrity: sha1-Gt1+CvZ6zv1VbkB/hJfoH92tecA=}
    engines: {node: '>=18'}
    cpu: [arm64]
    os: [android]

  '@esbuild/android-arm@0.24.0':
    resolution: {integrity: sha1-q3JjBF+o4JCDOo48OTtg1Zp4mBA=}
    engines: {node: '>=18'}
    cpu: [arm]
    os: [android]

  '@esbuild/android-x64@0.24.0':
    resolution: {integrity: sha1-6Pixls/f3Vrq672wEQmDRgRA5wU=}
    engines: {node: '>=18'}
    cpu: [x64]
    os: [android]

  '@esbuild/darwin-arm64@0.24.0':
    resolution: {integrity: sha1-LQ2UFPKsv/0thumCU5FPymA6U90=}
    engines: {node: '>=18'}
    cpu: [arm64]
    os: [darwin]

  '@esbuild/darwin-x64@0.24.0':
    resolution: {integrity: sha1-Mwh6qzGh62TIna89LPjOF3VlYQc=}
    engines: {node: '>=18'}
    cpu: [x64]
    os: [darwin]

  '@esbuild/freebsd-arm64@0.24.0':
    resolution: {integrity: sha1-u3bl6p6X+jx1NHLxlCEHXToz6Kc=}
    engines: {node: '>=18'}
    cpu: [arm64]
    os: [freebsd]

  '@esbuild/freebsd-x64@0.24.0':
    resolution: {integrity: sha1-4OLOkkn99u4p5dw9QgxwB/pXm5M=}
    engines: {node: '>=18'}
    cpu: [x64]
    os: [freebsd]

  '@esbuild/linux-arm64@0.24.0':
    resolution: {integrity: sha1-0bKqWAhfc+z0VTPAfILYEjU4jnU=}
    engines: {node: '>=18'}
    cpu: [arm64]
    os: [linux]

  '@esbuild/linux-arm@0.24.0':
    resolution: {integrity: sha1-jkkV346j4StpCgV+d6R7HVk1720=}
    engines: {node: '>=18'}
    cpu: [arm]
    os: [linux]

  '@esbuild/linux-ia32@0.24.0':
    resolution: {integrity: sha1-ggCxEQZmw5qzFlcjJLevY9ggE/s=}
    engines: {node: '>=18'}
    cpu: [ia32]
    os: [linux]

  '@esbuild/linux-loong64@0.24.0':
    resolution: {integrity: sha1-b/DJnPZHUE3zIdBkDw0y5VfadFw=}
    engines: {node: '>=18'}
    cpu: [loong64]
    os: [linux]

  '@esbuild/linux-mips64el@0.24.0':
    resolution: {integrity: sha1-P3IMzU1Zv+tMLOJ2pGt3rTgPofM=}
    engines: {node: '>=18'}
    cpu: [mips64el]
    os: [linux]

  '@esbuild/linux-ppc64@0.24.0':
    resolution: {integrity: sha1-nWsYixXCWv0uITR0v18x5C46oJ4=}
    engines: {node: '>=18'}
    cpu: [ppc64]
    os: [linux]

  '@esbuild/linux-riscv64@0.24.0':
    resolution: {integrity: sha1-+Yn9yXUt/aKGyc2HxGJI5N/svCU=}
    engines: {node: '>=18'}
    cpu: [riscv64]
    os: [linux]

  '@esbuild/linux-s390x@0.24.0':
    resolution: {integrity: sha1-Kev4fkEy6mWcFIn85jzYUJ0ccxk=}
    engines: {node: '>=18'}
    cpu: [s390x]
    os: [linux]

  '@esbuild/linux-x64@0.24.0':
    resolution: {integrity: sha1-SvSMXAR5VpsfNZ/7ziLRXyYcDO8=}
    engines: {node: '>=18'}
    cpu: [x64]
    os: [linux]

  '@esbuild/netbsd-x64@0.24.0':
    resolution: {integrity: sha1-Guc9I8wESg69TxmDNEFvsmwxNmw=}
    engines: {node: '>=18'}
    cpu: [x64]
    os: [netbsd]

  '@esbuild/openbsd-arm64@0.24.0':
    resolution: {integrity: sha1-XZBKT1FYyJhZ/ZAsQn+W1qnmMuI=}
    engines: {node: '>=18'}
    cpu: [arm64]
    os: [openbsd]

  '@esbuild/openbsd-x64@0.24.0':
    resolution: {integrity: sha1-TIqojEkYfGAbrilx5xxtxeCtHN8=}
    engines: {node: '>=18'}
    cpu: [x64]
    os: [openbsd]

  '@esbuild/sunos-x64@0.24.0':
    resolution: {integrity: sha1-jdw1oOo4V1+kTtowpe4Bri+lTdQ=}
    engines: {node: '>=18'}
    cpu: [x64]
    os: [sunos]

  '@esbuild/win32-arm64@0.24.0':
    resolution: {integrity: sha1-bnnIVD8oLEU522hKIHrg4XSpAHs=}
    engines: {node: '>=18'}
    cpu: [arm64]
    os: [win32]

  '@esbuild/win32-ia32@0.24.0':
    resolution: {integrity: sha1-BXrzRdola3GS0YtnagLpXQ+jkQM=}
    engines: {node: '>=18'}
    cpu: [ia32]
    os: [win32]

  '@esbuild/win32-x64@0.24.0':
    resolution: {integrity: sha1-Foqxx+HDGLkiY3+tjzOdSLAeEkQ=}
    engines: {node: '>=18'}
    cpu: [x64]
    os: [win32]

  '@jridgewell/sourcemap-codec@1.5.0':
    resolution: {integrity: sha1-MYi8snOkFLDSFf0ipYVAuYm5QJo=}

  '@rollup/rollup-android-arm-eabi@4.27.4':
    resolution: {integrity: sha1-48nME/FEugM99NLDEwohTcjjRz4=}
    cpu: [arm]
    os: [android]

  '@rollup/rollup-android-arm64@4.27.4':
    resolution: {integrity: sha1-BHQlD8tYcaypUuJJoMMnD8QxC1U=}
    cpu: [arm64]
    os: [android]

  '@rollup/rollup-darwin-arm64@4.27.4':
    resolution: {integrity: sha1-d8KbT5xDDBYk8aaDXyp+gr49FvI=}
    cpu: [arm64]
    os: [darwin]

  '@rollup/rollup-darwin-x64@4.27.4':
    resolution: {integrity: sha1-fYdxH2QaRYhodYy/EQ+zLqvWolo=}
    cpu: [x64]
    os: [darwin]

  '@rollup/rollup-freebsd-arm64@4.27.4':
    resolution: {integrity: sha1-Zi+AjSeA5OkQIaye5+2ACGK7mlc=}
    cpu: [arm64]
    os: [freebsd]

  '@rollup/rollup-freebsd-x64@4.27.4':
    resolution: {integrity: sha1-ceWnvPy+Udi2XRWGdazsEwft6nk=}
    cpu: [x64]
    os: [freebsd]

  '@rollup/rollup-linux-arm-gnueabihf@4.27.4':
    resolution: {integrity: sha1-CPZ/zsYe4Y+LM7P0A6g0q486p10=}
    cpu: [arm]
    os: [linux]
    libc: [glibc]

  '@rollup/rollup-linux-arm-musleabihf@4.27.4':
    resolution: {integrity: sha1-LhrUYH+GR1sXMVVjWcYHDrj0sQk=}
    cpu: [arm]
    os: [linux]
    libc: [musl]

  '@rollup/rollup-linux-arm64-gnu@4.27.4':
    resolution: {integrity: sha1-xl1VncsNPavqUAz3uCFZWa5szPg=}
    cpu: [arm64]
    os: [linux]
    libc: [glibc]

  '@rollup/rollup-linux-arm64-musl@4.27.4':
    resolution: {integrity: sha1-Zzn36zPiBGa7iHSFGcmM6N7iOSI=}
    cpu: [arm64]
    os: [linux]
    libc: [musl]

  '@rollup/rollup-linux-powerpc64le-gnu@4.27.4':
    resolution: {integrity: sha1-jZ/pRxwlblUnjLH3scl3zY/m3yA=}
    cpu: [ppc64]
    os: [linux]
    libc: [glibc]

  '@rollup/rollup-linux-riscv64-gnu@4.27.4':
    resolution: {integrity: sha1-mkZ/etW2HJ1msk55o8V8t1XQLDU=}
    cpu: [riscv64]
    os: [linux]
    libc: [glibc]

  '@rollup/rollup-linux-s390x-gnu@4.27.4':
    resolution: {integrity: sha1-763fIt8nuHomenMfvrlTnpLNRSc=}
    cpu: [s390x]
    os: [linux]
    libc: [glibc]

  '@rollup/rollup-linux-x64-gnu@4.27.4':
    resolution: {integrity: sha1-qVnsywSwf9FZHX/3RaaGX6pwQs0=}
    cpu: [x64]
    os: [linux]
    libc: [glibc]

  '@rollup/rollup-linux-x64-musl@4.27.4':
    resolution: {integrity: sha1-kndk8dofLdUJQ3Ft7JN5bRDLbpk=}
    cpu: [x64]
    os: [linux]
    libc: [musl]

  '@rollup/rollup-win32-arm64-msvc@4.27.4':
    resolution: {integrity: sha1-AwtsxgfYRdoj3O1iTkf7Rd4QWEA=}
    cpu: [arm64]
    os: [win32]

  '@rollup/rollup-win32-ia32-msvc@4.27.4':
    resolution: {integrity: sha1-NFej9EqE9R2Al8NgZCngHw0tDsI=}
    cpu: [ia32]
    os: [win32]

  '@rollup/rollup-win32-x64-msvc@4.27.4':
    resolution: {integrity: sha1-Z9UWYTyfL+QuLYt44lLQADF52Sw=}
    cpu: [x64]
    os: [win32]

  '@types/estree@1.0.6':
    resolution: {integrity: sha1-Yo7/7q4gZKG055946B2Ht+X8e1A=}

  '@vitest/expect@2.1.6':
    resolution: {integrity: sha1-WjNOue6ShykvvpYZVcr7BvevfaY=}

  '@vitest/mocker@2.1.6':
    resolution: {integrity: sha1-0Txae9Cr9DLhAw9orLQ/UcSzaS4=}
    peerDependencies:
      msw: ^2.4.9
      vite: ^5.0.0 || ^6.0.0
    peerDependenciesMeta:
      msw:
        optional: true
      vite:
        optional: true

  '@vitest/pretty-format@2.1.6':
    resolution: {integrity: sha1-m8ZCBHo+/GN7QUkrHyIsQ744IuQ=}

  '@vitest/runner@2.1.6':
    resolution: {integrity: sha1-lIytLMz+Lla+Wz+Zec+aQXyllzc=}

  '@vitest/snapshot@2.1.6':
    resolution: {integrity: sha1-IXQESSIeN/gMSo+z4V8QDzDnk00=}

  '@vitest/spy@2.1.6':
    resolution: {integrity: sha1-Ip+dSLkLi91lc3I73sBpmRVZgIA=}

  '@vitest/utils@2.1.6':
    resolution: {integrity: sha1-KvaoLFxF2jXs0yLQVoJHpunJXF8=}

  assertion-error@2.0.1:
    resolution: {integrity: sha1-9kGhlrM1aQsQcL8AtudZP+wZC/c=}
    engines: {node: '>=12'}

  cac@6.7.14:
    resolution: {integrity: sha1-gE4eb1Bu42PLDjzLsJytXdmHCVk=}
    engines: {node: '>=8'}

  chai@5.1.2:
    resolution: {integrity: sha1-OvvDQLmUrjYQylGabHCs53rUN40=}
    engines: {node: '>=12'}

  check-error@2.1.1:
    resolution: {integrity: sha1-h+uHauce44j6BHH+Qj9JS+HZbMw=}
    engines: {node: '>= 16'}

  debug@4.3.7:
    resolution: {integrity: sha1-h5RbQVGgEddtlaGY1xEchlw2ClI=}
    engines: {node: '>=6.0'}
    peerDependencies:
      supports-color: '*'
    peerDependenciesMeta:
      supports-color:
        optional: true

  deep-eql@5.0.2:
    resolution: {integrity: sha1-S3VtjXcKklcwCCXVKiws/5nDo0E=}
    engines: {node: '>=6'}

  es-module-lexer@1.5.4:
    resolution: {integrity: sha1-qO/sOj2pkeYO+mtjOnytarjSa3g=}

  esbuild@0.24.0:
    resolution: {integrity: sha1-8tRwWWiF/LLpHCHrPaOzyJwLVec=}
    engines: {node: '>=18'}
    hasBin: true

  estree-walker@3.0.3:
    resolution: {integrity: sha1-Z8PlSexAKkh7T8GT0ZU6UkdSNA0=}

  expect-type@1.1.0:
    resolution: {integrity: sha1-oUbkFCUNE9/Enq/P0TRKQGD6THU=}
    engines: {node: '>=12.0.0'}

  fsevents@2.3.3:
    resolution: {integrity: sha1-ysZAd4XQNnWipeGlMFxpezR9kNY=}
    engines: {node: ^8.16.0 || ^10.6.0 || >=11.0.0}
    os: [darwin]

  loupe@3.1.2:
    resolution: {integrity: sha1-yG4GloBKAiGPIgYSTEXYsVKRokA=}

  magic-string@0.30.14:
    resolution: {integrity: sha1-6bsphwuBz8HsPMZWVS9af8vxkHc=}

  ms@2.1.3:
    resolution: {integrity: sha1-V0yBOM4dK1hh8LRFedut1gxmFbI=}

  nanoid@3.3.8:
    resolution: {integrity: sha1-sb4wML7jaq/xi6yzdeXM5SFoS68=}
    engines: {node: ^10 || ^12 || ^13.7 || ^14 || >=15.0.1}
    hasBin: true

  pathe@1.1.2:
    resolution: {integrity: sha1-bEy0epRWkuSKHd1uQJTRcFFkN+w=}

  pathval@2.0.0:
    resolution: {integrity: sha1-fiVQtCJgHU9rjibxMBvI8Vp0GiU=}
    engines: {node: '>= 14.16'}

  picocolors@1.1.1:
    resolution: {integrity: sha1-PTIa8+q5ObCDyPkpodEs2oHCa2s=}

  postcss@8.4.49:
    resolution: {integrity: sha1-TqR5BIqwWas65h0IIZD6v9mU/hk=}
    engines: {node: ^10 || ^12 || >=14}

  prettier@3.4.2:
    resolution: {integrity: sha1-pc4ftSKliL8reMpExub+WqWisT8=}
    engines: {node: '>=14'}
    hasBin: true

  rollup@4.27.4:
    resolution: {integrity: sha1-sj5O9P5NDYf1I32s9j+VpJlQOJc=}
    engines: {node: '>=18.0.0', npm: '>=8.0.0'}
    hasBin: true

  siginfo@2.0.0:
    resolution: {integrity: sha1-MudscLeXJOO7Vny51UPrhYzPrzA=}

  source-map-js@1.2.1:
    resolution: {integrity: sha1-HOVlD93YerwJnto33P8CTCZnrkY=}
    engines: {node: '>=0.10.0'}

  stackback@0.0.2:
    resolution: {integrity: sha1-Gsig2Ug4SNFpXkGLbQMaPDzmjjs=}

  std-env@3.8.0:
    resolution: {integrity: sha1-tW/8G68aKdzICjvfEdf8p8MV59U=}

  tinybench@2.9.0:
    resolution: {integrity: sha1-EDyfi6bXI3pHq23R3P93JRhjQms=}

  tinyexec@0.3.1:
    resolution: {integrity: sha1-CrDa+TtD4sIRISOWvbg2tGjJfJg=}

  tinypool@1.0.2:
    resolution: {integrity: sha1-cGGTzFMvTBAPZqoAsBxCFz2QUbI=}
    engines: {node: ^18.0.0 || >=20.0.0}

  tinyrainbow@1.2.0:
    resolution: {integrity: sha1-XFfS/A+z0a/XhGXDPKiF0E8Cq7U=}
    engines: {node: '>=14.0.0'}

  tinyspy@3.0.2:
    resolution: {integrity: sha1-ht0889c3sVrc8X14h8hKdSAd8go=}
    engines: {node: '>=14.0.0'}

  typescript@5.7.2:
    resolution: {integrity: sha1-MWnPjEyKgozeU7qeyz0rHV3We+Y=}
    engines: {node: '>=14.17'}
    hasBin: true

  vite-node@2.1.6:
    resolution: {integrity: sha1-17ecXN5Wx0n2Gd6tBJlEkYcmuR4=}
    engines: {node: ^18.0.0 || ^20.0.0 || >=22.0.0}
    hasBin: true

  vite@6.0.1:
    resolution: {integrity: sha1-JMnK8kmY8FmN43vtZ+UOxbnf6vA=}
    engines: {node: ^18.0.0 || ^20.0.0 || >=22.0.0}
    hasBin: true
    peerDependencies:
      '@types/node': ^18.0.0 || ^20.0.0 || >=22.0.0
      jiti: '>=1.21.0'
      less: '*'
      lightningcss: ^1.21.0
      sass: '*'
      sass-embedded: '*'
      stylus: '*'
      sugarss: '*'
      terser: ^5.16.0
      tsx: ^4.8.1
      yaml: ^2.4.2
    peerDependenciesMeta:
      '@types/node':
        optional: true
      jiti:
        optional: true
      less:
        optional: true
      lightningcss:
        optional: true
      sass:
        optional: true
      sass-embedded:
        optional: true
      stylus:
        optional: true
      sugarss:
        optional: true
      terser:
        optional: true
      tsx:
        optional: true
      yaml:
        optional: true

  vitest@2.1.6:
    resolution: {integrity: sha1-RNZhxrPzo6DFlxQ/eNJyFe5GZsw=}
    engines: {node: ^18.0.0 || ^20.0.0 || >=22.0.0}
    hasBin: true
    peerDependencies:
      '@edge-runtime/vm': '*'
      '@types/node': ^18.0.0 || ^20.0.0 || >=22.0.0
      '@vitest/browser': 2.1.6
      '@vitest/ui': 2.1.6
      happy-dom: '*'
      jsdom: '*'
    peerDependenciesMeta:
      '@edge-runtime/vm':
        optional: true
      '@types/node':
        optional: true
      '@vitest/browser':
        optional: true
      '@vitest/ui':
        optional: true
      happy-dom:
        optional: true
      jsdom:
        optional: true

  why-is-node-running@2.3.0:
    resolution: {integrity: sha1-o/aalxB/SUs83Dvd3Yg6fWXOvwQ=}
    engines: {node: '>=8'}
    hasBin: true

snapshots:

  '@esbuild/aix-ppc64@0.24.0':
    optional: true

  '@esbuild/android-arm64@0.24.0':
    optional: true

  '@esbuild/android-arm@0.24.0':
    optional: true

  '@esbuild/android-x64@0.24.0':
    optional: true

  '@esbuild/darwin-arm64@0.24.0':
    optional: true

  '@esbuild/darwin-x64@0.24.0':
    optional: true

  '@esbuild/freebsd-arm64@0.24.0':
    optional: true

  '@esbuild/freebsd-x64@0.24.0':
    optional: true

  '@esbuild/linux-arm64@0.24.0':
    optional: true

  '@esbuild/linux-arm@0.24.0':
    optional: true

  '@esbuild/linux-ia32@0.24.0':
    optional: true

  '@esbuild/linux-loong64@0.24.0':
    optional: true

  '@esbuild/linux-mips64el@0.24.0':
    optional: true

  '@esbuild/linux-ppc64@0.24.0':
    optional: true

  '@esbuild/linux-riscv64@0.24.0':
    optional: true

  '@esbuild/linux-s390x@0.24.0':
    optional: true

  '@esbuild/linux-x64@0.24.0':
    optional: true

  '@esbuild/netbsd-x64@0.24.0':
    optional: true

  '@esbuild/openbsd-arm64@0.24.0':
    optional: true

  '@esbuild/openbsd-x64@0.24.0':
    optional: true

  '@esbuild/sunos-x64@0.24.0':
    optional: true

  '@esbuild/win32-arm64@0.24.0':
    optional: true

  '@esbuild/win32-ia32@0.24.0':
    optional: true

  '@esbuild/win32-x64@0.24.0':
    optional: true

  '@jridgewell/sourcemap-codec@1.5.0': {}

  '@rollup/rollup-android-arm-eabi@4.27.4':
    optional: true

  '@rollup/rollup-android-arm64@4.27.4':
    optional: true

  '@rollup/rollup-darwin-arm64@4.27.4':
    optional: true

  '@rollup/rollup-darwin-x64@4.27.4':
    optional: true

  '@rollup/rollup-freebsd-arm64@4.27.4':
    optional: true

  '@rollup/rollup-freebsd-x64@4.27.4':
    optional: true

  '@rollup/rollup-linux-arm-gnueabihf@4.27.4':
    optional: true

  '@rollup/rollup-linux-arm-musleabihf@4.27.4':
    optional: true

  '@rollup/rollup-linux-arm64-gnu@4.27.4':
    optional: true

  '@rollup/rollup-linux-arm64-musl@4.27.4':
    optional: true

  '@rollup/rollup-linux-powerpc64le-gnu@4.27.4':
    optional: true

  '@rollup/rollup-linux-riscv64-gnu@4.27.4':
    optional: true

  '@rollup/rollup-linux-s390x-gnu@4.27.4':
    optional: true

  '@rollup/rollup-linux-x64-gnu@4.27.4':
    optional: true

  '@rollup/rollup-linux-x64-musl@4.27.4':
    optional: true

  '@rollup/rollup-win32-arm64-msvc@4.27.4':
    optional: true

  '@rollup/rollup-win32-ia32-msvc@4.27.4':
    optional: true

  '@rollup/rollup-win32-x64-msvc@4.27.4':
    optional: true

  '@types/estree@1.0.6': {}

  '@vitest/expect@2.1.6':
    dependencies:
      '@vitest/spy': 2.1.6
      '@vitest/utils': 2.1.6
      chai: 5.1.2
      tinyrainbow: 1.2.0

  '@vitest/mocker@2.1.6(vite@6.0.1)':
    dependencies:
      '@vitest/spy': 2.1.6
      estree-walker: 3.0.3
      magic-string: 0.30.14
    optionalDependencies:
      vite: 6.0.1

  '@vitest/pretty-format@2.1.6':
    dependencies:
      tinyrainbow: 1.2.0

  '@vitest/runner@2.1.6':
    dependencies:
      '@vitest/utils': 2.1.6
      pathe: 1.1.2

  '@vitest/snapshot@2.1.6':
    dependencies:
      '@vitest/pretty-format': 2.1.6
      magic-string: 0.30.14
      pathe: 1.1.2

  '@vitest/spy@2.1.6':
    dependencies:
      tinyspy: 3.0.2

  '@vitest/utils@2.1.6':
    dependencies:
      '@vitest/pretty-format': 2.1.6
      loupe: 3.1.2
      tinyrainbow: 1.2.0

  assertion-error@2.0.1: {}

  cac@6.7.14: {}

  chai@5.1.2:
    dependencies:
      assertion-error: 2.0.1
      check-error: 2.1.1
      deep-eql: 5.0.2
      loupe: 3.1.2
      pathval: 2.0.0

  check-error@2.1.1: {}

  debug@4.3.7:
    dependencies:
      ms: 2.1.3

  deep-eql@5.0.2: {}

  es-module-lexer@1.5.4: {}

  esbuild@0.24.0:
    optionalDependencies:
      '@esbuild/aix-ppc64': 0.24.0
      '@esbuild/android-arm': 0.24.0
      '@esbuild/android-arm64': 0.24.0
      '@esbuild/android-x64': 0.24.0
      '@esbuild/darwin-arm64': 0.24.0
      '@esbuild/darwin-x64': 0.24.0
      '@esbuild/freebsd-arm64': 0.24.0
      '@esbuild/freebsd-x64': 0.24.0
      '@esbuild/linux-arm': 0.24.0
      '@esbuild/linux-arm64': 0.24.0
      '@esbuild/linux-ia32': 0.24.0
      '@esbuild/linux-loong64': 0.24.0
      '@esbuild/linux-mips64el': 0.24.0
      '@esbuild/linux-ppc64': 0.24.0
      '@esbuild/linux-riscv64': 0.24.0
      '@esbuild/linux-s390x': 0.24.0
      '@esbuild/linux-x64': 0.24.0
      '@esbuild/netbsd-x64': 0.24.0
      '@esbuild/openbsd-arm64': 0.24.0
      '@esbuild/openbsd-x64': 0.24.0
      '@esbuild/sunos-x64': 0.24.0
      '@esbuild/win32-arm64': 0.24.0
      '@esbuild/win32-ia32': 0.24.0
      '@esbuild/win32-x64': 0.24.0

  estree-walker@3.0.3:
    dependencies:
      '@types/estree': 1.0.6

  expect-type@1.1.0: {}

  fsevents@2.3.3:
    optional: true

  loupe@3.1.2: {}

  magic-string@0.30.14:
    dependencies:
      '@jridgewell/sourcemap-codec': 1.5.0

  ms@2.1.3: {}

  nanoid@3.3.8: {}

  pathe@1.1.2: {}

  pathval@2.0.0: {}

  picocolors@1.1.1: {}

  postcss@8.4.49:
    dependencies:
      nanoid: 3.3.8
      picocolors: 1.1.1
      source-map-js: 1.2.1

  prettier@3.4.2: {}

  rollup@4.27.4:
    dependencies:
      '@types/estree': 1.0.6
    optionalDependencies:
      '@rollup/rollup-android-arm-eabi': 4.27.4
      '@rollup/rollup-android-arm64': 4.27.4
      '@rollup/rollup-darwin-arm64': 4.27.4
      '@rollup/rollup-darwin-x64': 4.27.4
      '@rollup/rollup-freebsd-arm64': 4.27.4
      '@rollup/rollup-freebsd-x64': 4.27.4
      '@rollup/rollup-linux-arm-gnueabihf': 4.27.4
      '@rollup/rollup-linux-arm-musleabihf': 4.27.4
      '@rollup/rollup-linux-arm64-gnu': 4.27.4
      '@rollup/rollup-linux-arm64-musl': 4.27.4
      '@rollup/rollup-linux-powerpc64le-gnu': 4.27.4
      '@rollup/rollup-linux-riscv64-gnu': 4.27.4
      '@rollup/rollup-linux-s390x-gnu': 4.27.4
      '@rollup/rollup-linux-x64-gnu': 4.27.4
      '@rollup/rollup-linux-x64-musl': 4.27.4
      '@rollup/rollup-win32-arm64-msvc': 4.27.4
      '@rollup/rollup-win32-ia32-msvc': 4.27.4
      '@rollup/rollup-win32-x64-msvc': 4.27.4
      fsevents: 2.3.3

  siginfo@2.0.0: {}

  source-map-js@1.2.1: {}

  stackback@0.0.2: {}

  std-env@3.8.0: {}

  tinybench@2.9.0: {}

  tinyexec@0.3.1: {}

  tinypool@1.0.2: {}

  tinyrainbow@1.2.0: {}

  tinyspy@3.0.2: {}

  typescript@5.7.2: {}

  vite-node@2.1.6:
    dependencies:
      cac: 6.7.14
      debug: 4.3.7
      es-module-lexer: 1.5.4
      pathe: 1.1.2
      vite: 6.0.1
    transitivePeerDependencies:
      - '@types/node'
      - jiti
      - less
      - lightningcss
      - sass
      - sass-embedded
      - stylus
      - sugarss
      - supports-color
      - terser
      - tsx
      - yaml

  vite@6.0.1:
    dependencies:
      esbuild: 0.24.0
      postcss: 8.4.49
      rollup: 4.27.4
    optionalDependencies:
      fsevents: 2.3.3

  vitest@2.1.6:
    dependencies:
      '@vitest/expect': 2.1.6
      '@vitest/mocker': 2.1.6(vite@6.0.1)
      '@vitest/pretty-format': 2.1.6
      '@vitest/runner': 2.1.6
      '@vitest/snapshot': 2.1.6
      '@vitest/spy': 2.1.6
      '@vitest/utils': 2.1.6
      chai: 5.1.2
      debug: 4.3.7
      expect-type: 1.1.0
      magic-string: 0.30.14
      pathe: 1.1.2
      std-env: 3.8.0
      tinybench: 2.9.0
      tinyexec: 0.3.1
      tinypool: 1.0.2
      tinyrainbow: 1.2.0
      vite: 6.0.1
      vite-node: 2.1.6
      why-is-node-running: 2.3.0
    transitivePeerDependencies:
      - jiti
      - less
      - lightningcss
      - msw
      - sass
      - sass-embedded
      - stylus
      - sugarss
      - supports-color
      - terser
      - tsx
      - yaml

  why-is-node-running@2.3.0:
    dependencies:
      siginfo: 2.0.0
      stackback: 0.0.2
